{
    "name": "bookstore-cds",
    "version": "1.0.0",
    "lockfileVersion": 2,
    "requires": true,
    "packages": {
        "": {
            "name": "bookstore-cds",
            "version": "1.0.0",
            "license": "ISC",
            "dependencies": {
                "@sap/capire-products": "file:sap-capire-products-1.0.0.tgz"
            }
        },
        "node_modules/@sap/capire-products": {
            "version": "1.0.0",
            "resolved": "file:sap-capire-products-1.0.0.tgz",
            "integrity": "sha512-VbMhnTYaUobtHhSsl6ViKd2znNHeApNw1ugLadpYpW0VZvNZjli3/ZMDKGlqQHS7zBH6yGvjfAFUeS/WdrVd9g==",
            "license": "ISC"
        }
    },
    "dependencies": {
        "@sap/capire-products": {
            "version": "file:sap-capire-products-1.0.0.tgz",
            "integrity": "sha512-VbMhnTYaUobtHhSsl6ViKd2znNHeApNw1ugLadpYpW0VZvNZjli3/ZMDKGlqQHS7zBH6yGvjfAFUeS/WdrVd9g=="
        }
    }
}
